
Microsoft Visual Studio Solution File, Format Version 12.00
# Visual Studio Version 16
VisualStudioVersion = 16.0.32901.82
MinimumVisualStudioVersion = 10.0.40219.1
Project("{FAE04EC0-301F-11D3-BF4B-00C04F79EFBC}") = "rockPaperScissors", "rockPaperScissors\rockPaperScissors.csproj", "{D582AD2A-C3A1-4C3C-B651-528B401315DF}"
EndProject
Global
	GlobalSection(SolutionConfigurationPlatforms) = preSolution
		Debug|Any CPU = Debug|Any CPU
		Release|Any CPU = Release|Any CPU
	EndGlobalSection
	GlobalSection(ProjectConfigurationPlatforms) = postSolution
		{D582AD2A-C3A1-4C3C-B651-528B401315DF}.Debug|Any CPU.ActiveCfg = Debug|Any CPU
		{D582AD2A-C3A1-4C3C-B651-528B401315DF}.Debug|Any CPU.Build.0 = Debug|Any CPU
		{D582AD2A-C3A1-4C3C-B651-528B401315DF}.Release|Any CPU.ActiveCfg = Release|Any CPU
		{D582AD2A-C3A1-4C3C-B651-528B401315DF}.Release|Any CPU.Build.0 = Release|Any CPU
	EndGlobalSection
	GlobalSection(SolutionProperties) = preSolution
		HideSolutionNode = FALSE
	EndGlobalSection
	GlobalSection(ExtensibilityGlobals) = postSolution
		SolutionGuid = {29CD4241-AE6D-402E-A991-1DE4C4F50A2D}
	EndGlobalSection
EndGlobal
